
Microsoft Visual Studio Solution File, Format Version 12.00
# Visual Studio 15
Project("{FAE04EC0-301F-11D3-BF4B-00C04F79EFBC}") = "Assembly-CSharp", "Assembly-CSharp.csproj", "{989CAA4A-8A29-93A6-2D6A-F03381562097}"
EndProject
Project("{FAE04EC0-301F-11D3-BF4B-00C04F79EFBC}") = "Assembly-CSharp-Editor", "Assembly-CSharp-Editor.csproj", "{D6E1EEA4-F3E9-A51F-AD38-B2F710247C9B}"
EndProject
Global
	GlobalSection(SolutionConfigurationPlatforms) = preSolution
		Debug|Any CPU = Debug|Any CPU
		Release|Any CPU = Release|Any CPU
	EndGlobalSection
	GlobalSection(ProjectConfigurationPlatforms) = postSolution
		{989CAA4A-8A29-93A6-2D6A-F03381562097}.Debug|Any CPU.ActiveCfg = Debug|Any CPU
		{989CAA4A-8A29-93A6-2D6A-F03381562097}.Debug|Any CPU.Build.0 = Debug|Any CPU
		{989CAA4A-8A29-93A6-2D6A-F03381562097}.Release|Any CPU.ActiveCfg = Release|Any CPU
		{989CAA4A-8A29-93A6-2D6A-F03381562097}.Release|Any CPU.Build.0 = Release|Any CPU
		{D6E1EEA4-F3E9-A51F-AD38-B2F710247C9B}.Debug|Any CPU.ActiveCfg = Debug|Any CPU
		{D6E1EEA4-F3E9-A51F-AD38-B2F710247C9B}.Debug|Any CPU.Build.0 = Debug|Any CPU
		{D6E1EEA4-F3E9-A51F-AD38-B2F710247C9B}.Release|Any CPU.ActiveCfg = Release|Any CPU
		{D6E1EEA4-F3E9-A51F-AD38-B2F710247C9B}.Release|Any CPU.Build.0 = Release|Any CPU
	EndGlobalSection
	GlobalSection(SolutionProperties) = preSolution
		HideSolutionNode = FALSE
	EndGlobalSection
EndGlobal
