
Microsoft Visual Studio Solution File, Format Version 12.00
# Visual Studio 15
Project("{FAE04EC0-301F-11D3-BF4B-00C04F79EFBC}") = "Assembly-CSharp", "Assembly-CSharp.csproj", "{C810A88A-DCE5-31A0-A3A6-7D621DAE210C}"
EndProject
Project("{FAE04EC0-301F-11D3-BF4B-00C04F79EFBC}") = "Assembly-CSharp-Editor", "Assembly-CSharp-Editor.csproj", "{495E3F90-616A-F130-BF92-EC29C6D55325}"
EndProject
Global
	GlobalSection(SolutionConfigurationPlatforms) = preSolution
		Debug|Any CPU = Debug|Any CPU
		Release|Any CPU = Release|Any CPU
	EndGlobalSection
	GlobalSection(ProjectConfigurationPlatforms) = postSolution
		{C810A88A-DCE5-31A0-A3A6-7D621DAE210C}.Debug|Any CPU.ActiveCfg = Debug|Any CPU
		{C810A88A-DCE5-31A0-A3A6-7D621DAE210C}.Debug|Any CPU.Build.0 = Debug|Any CPU
		{C810A88A-DCE5-31A0-A3A6-7D621DAE210C}.Release|Any CPU.ActiveCfg = Release|Any CPU
		{C810A88A-DCE5-31A0-A3A6-7D621DAE210C}.Release|Any CPU.Build.0 = Release|Any CPU
		{495E3F90-616A-F130-BF92-EC29C6D55325}.Debug|Any CPU.ActiveCfg = Debug|Any CPU
		{495E3F90-616A-F130-BF92-EC29C6D55325}.Debug|Any CPU.Build.0 = Debug|Any CPU
		{495E3F90-616A-F130-BF92-EC29C6D55325}.Release|Any CPU.ActiveCfg = Release|Any CPU
		{495E3F90-616A-F130-BF92-EC29C6D55325}.Release|Any CPU.Build.0 = Release|Any CPU
	EndGlobalSection
	GlobalSection(SolutionProperties) = preSolution
		HideSolutionNode = FALSE
	EndGlobalSection
EndGlobal
