
Microsoft Visual Studio Solution File, Format Version 12.00
# Visual Studio 15
Project("{FAE04EC0-301F-11D3-BF4B-00C04F79EFBC}") = "Assembly-CSharp", "Assembly-CSharp.csproj", "{1E2E5C14-DA1A-CF8E-EEDB-E87FC7B5B468}"
EndProject
Project("{FAE04EC0-301F-11D3-BF4B-00C04F79EFBC}") = "Assembly-CSharp-Editor", "Assembly-CSharp-Editor.csproj", "{EC03FEF0-B527-F154-0728-B6A9CB194FD9}"
EndProject
Global
	GlobalSection(SolutionConfigurationPlatforms) = preSolution
		Debug|Any CPU = Debug|Any CPU
		Release|Any CPU = Release|Any CPU
	EndGlobalSection
	GlobalSection(ProjectConfigurationPlatforms) = postSolution
		{1E2E5C14-DA1A-CF8E-EEDB-E87FC7B5B468}.Debug|Any CPU.ActiveCfg = Debug|Any CPU
		{1E2E5C14-DA1A-CF8E-EEDB-E87FC7B5B468}.Debug|Any CPU.Build.0 = Debug|Any CPU
		{1E2E5C14-DA1A-CF8E-EEDB-E87FC7B5B468}.Release|Any CPU.ActiveCfg = Release|Any CPU
		{1E2E5C14-DA1A-CF8E-EEDB-E87FC7B5B468}.Release|Any CPU.Build.0 = Release|Any CPU
		{EC03FEF0-B527-F154-0728-B6A9CB194FD9}.Debug|Any CPU.ActiveCfg = Debug|Any CPU
		{EC03FEF0-B527-F154-0728-B6A9CB194FD9}.Debug|Any CPU.Build.0 = Debug|Any CPU
		{EC03FEF0-B527-F154-0728-B6A9CB194FD9}.Release|Any CPU.ActiveCfg = Release|Any CPU
		{EC03FEF0-B527-F154-0728-B6A9CB194FD9}.Release|Any CPU.Build.0 = Release|Any CPU
	EndGlobalSection
	GlobalSection(SolutionProperties) = preSolution
		HideSolutionNode = FALSE
	EndGlobalSection
EndGlobal
